{
  "name": "code",
  "version": "1.0.0",
  "lockfileVersion": 2,
  "requires": true,
  "packages": {
    "": {
      "version": "1.0.0",
      "license": "ISC",
      "dependencies": {
        "acorn": "^8.2.4"
      }
    },
    "node_modules/acorn": {
      "version": "8.2.4",
      "resolved": "https://registry.npmjs.org/acorn/-/acorn-8.2.4.tgz",
      "integrity": "sha512-Ibt84YwBDDA890eDiDCEqcbwvHlBvzzDkU2cGBBDDI1QWT12jTiXIOn2CIw5KK4i6N5Z2HUxwYjzriDyqaqqZg==",
      "bin": {
        "acorn": "bin/acorn"
      },
      "engines": {
        "node": ">=0.4.0"
      }
    }
  },
  "dependencies": {
    "acorn": {
      "version": "8.2.4",
      "resolved": "https://registry.npmjs.org/acorn/-/acorn-8.2.4.tgz",
      "integrity": "sha512-Ibt84YwBDDA890eDiDCEqcbwvHlBvzzDkU2cGBBDDI1QWT12jTiXIOn2CIw5KK4i6N5Z2HUxwYjzriDyqaqqZg=="
    }
  }
}
