{
  "name": "sentry",
  "version": "1.0.0",
  "lockfileVersion": 2,
  "requires": true,
  "packages": {
    "": {
      "version": "1.0.0",
      "license": "ISC",
      "dependencies": {
        "@sentry/node": "^6.3.6",
        "@sentry/tracing": "^6.3.6",
        "dotenv": "^9.0.2"
      }
    },
    "node_modules/@sentry/core": {
      "version": "6.3.6",
      "resolved": "https://registry.npmjs.org/@sentry/core/-/core-6.3.6.tgz",
      "integrity": "sha512-w6BRizAqh7BaiM9oeKzO6aACXwRijUPacYaVLX/OfhqCSueF9uDxpMRT7+4D/eCeDVqgJYhBJ4Vsu2NSstkk4A==",
      "dependencies": {
        "@sentry/hub": "6.3.6",
        "@sentry/minimal": "6.3.6",
        "@sentry/types": "6.3.6",
        "@sentry/utils": "6.3.6",
        "tslib": "^1.9.3"
      },
      "engines": {
        "node": ">=6"
      }
    },
    "node_modules/@sentry/hub": {
      "version": "6.3.6",
      "resolved": "https://registry.npmjs.org/@sentry/hub/-/hub-6.3.6.tgz",
      "integrity": "sha512-foBZ3ilMnm9Gf9OolrAxYHK8jrA6IF72faDdJ3Al+1H27qcpnBaMdrdEp2/jzwu/dgmwuLmbBaMjEPXaGH/0JQ==",
      "dependencies": {
        "@sentry/types": "6.3.6",
        "@sentry/utils": "6.3.6",
        "tslib": "^1.9.3"
      },
      "engines": {
        "node": ">=6"
      }
    },
    "node_modules/@sentry/minimal": {
      "version": "6.3.6",
      "resolved": "https://registry.npmjs.org/@sentry/minimal/-/minimal-6.3.6.tgz",
      "integrity": "sha512-uM2/dH0a6zfvI5f+vg+/mST+uTBdN6Jgpm585ipH84ckCYQwIIDRg6daqsen4S1sy/xgg1P1YyC3zdEC4G6b1Q==",
      "dependencies": {
        "@sentry/hub": "6.3.6",
        "@sentry/types": "6.3.6",
        "tslib": "^1.9.3"
      },
      "engines": {
        "node": ">=6"
      }
    },
    "node_modules/@sentry/node": {
      "version": "6.3.6",
      "resolved": "https://registry.npmjs.org/@sentry/node/-/node-6.3.6.tgz",
      "integrity": "sha512-QVWakREgVUV/rocm4uMq+RkC0/g9d/z2BYic+2b0ZZMZD2aXF5RulrUQlAO2MzoXcO+bqpkXQsqdhMccqB4Zeg==",
      "dependencies": {
        "@sentry/core": "6.3.6",
        "@sentry/hub": "6.3.6",
        "@sentry/tracing": "6.3.6",
        "@sentry/types": "6.3.6",
        "@sentry/utils": "6.3.6",
        "cookie": "^0.4.1",
        "https-proxy-agent": "^5.0.0",
        "lru_map": "^0.3.3",
        "tslib": "^1.9.3"
      },
      "engines": {
        "node": ">=6"
      }
    },
    "node_modules/@sentry/tracing": {
      "version": "6.3.6",
      "resolved": "https://registry.npmjs.org/@sentry/tracing/-/tracing-6.3.6.tgz",
      "integrity": "sha512-dfyYY2eESJGt5Qbigmfmb2U9ntqbwPhLNAOcjKaVg9WQRV5q2RkHCVctPoYk7TEAvfNeNRXCD8SnuFOZhttt8g==",
      "dependencies": {
        "@sentry/hub": "6.3.6",
        "@sentry/minimal": "6.3.6",
        "@sentry/types": "6.3.6",
        "@sentry/utils": "6.3.6",
        "tslib": "^1.9.3"
      },
      "engines": {
        "node": ">=6"
      }
    },
    "node_modules/@sentry/types": {
      "version": "6.3.6",
      "resolved": "https://registry.npmjs.org/@sentry/types/-/types-6.3.6.tgz",
      "integrity": "sha512-93cFJdJkWyCfyZeWFARSU11qnoHVOS/R2h5WIsEf+jbQmkqG2C+TXVz/19s6nHVsfDrwpvYpwALPv4/nrxfU7g==",
      "engines": {
        "node": ">=6"
      }
    },
    "node_modules/@sentry/utils": {
      "version": "6.3.6",
      "resolved": "https://registry.npmjs.org/@sentry/utils/-/utils-6.3.6.tgz",
      "integrity": "sha512-HnYlDBf8Dq8MEv7AulH7B6R1D/2LAooVclGdjg48tSrr9g+31kmtj+SAj2WWVHP9+bp29BWaC7i5nkfKrOibWw==",
      "dependencies": {
        "@sentry/types": "6.3.6",
        "tslib": "^1.9.3"
      },
      "engines": {
        "node": ">=6"
      }
    },
    "node_modules/agent-base": {
      "version": "6.0.2",
      "resolved": "https://registry.npmjs.org/agent-base/-/agent-base-6.0.2.tgz",
      "integrity": "sha512-RZNwNclF7+MS/8bDg70amg32dyeZGZxiDuQmZxKLAlQjr3jGyLx+4Kkk58UO7D2QdgFIQCovuSuZESne6RG6XQ==",
      "dependencies": {
        "debug": "4"
      },
      "engines": {
        "node": ">= 6.0.0"
      }
    },
    "node_modules/cookie": {
      "version": "0.4.1",
      "resolved": "https://registry.npmjs.org/cookie/-/cookie-0.4.1.tgz",
      "integrity": "sha512-ZwrFkGJxUR3EIoXtO+yVE69Eb7KlixbaeAWfBQB9vVsNn/o+Yw69gBWSSDK825hQNdN+wF8zELf3dFNl/kxkUA==",
      "engines": {
        "node": ">= 0.6"
      }
    },
    "node_modules/debug": {
      "version": "4.3.1",
      "resolved": "https://registry.npmjs.org/debug/-/debug-4.3.1.tgz",
      "integrity": "sha512-doEwdvm4PCeK4K3RQN2ZC2BYUBaxwLARCqZmMjtF8a51J2Rb0xpVloFRnCODwqjpwnAoao4pelN8l3RJdv3gRQ==",
      "dependencies": {
        "ms": "2.1.2"
      },
      "engines": {
        "node": ">=6.0"
      },
      "peerDependenciesMeta": {
        "supports-color": {
          "optional": true
        }
      }
    },
    "node_modules/dotenv": {
      "version": "9.0.2",
      "resolved": "https://registry.npmjs.org/dotenv/-/dotenv-9.0.2.tgz",
      "integrity": "sha512-I9OvvrHp4pIARv4+x9iuewrWycX6CcZtoAu1XrzPxc5UygMJXJZYmBsynku8IkrJwgypE5DGNjDPmPRhDCptUg==",
      "engines": {
        "node": ">=10"
      }
    },
    "node_modules/https-proxy-agent": {
      "version": "5.0.0",
      "resolved": "https://registry.npmjs.org/https-proxy-agent/-/https-proxy-agent-5.0.0.tgz",
      "integrity": "sha512-EkYm5BcKUGiduxzSt3Eppko+PiNWNEpa4ySk9vTC6wDsQJW9rHSa+UhGNJoRYp7bz6Ht1eaRIa6QaJqO5rCFbA==",
      "dependencies": {
        "agent-base": "6",
        "debug": "4"
      },
      "engines": {
        "node": ">= 6"
      }
    },
    "node_modules/lru_map": {
      "version": "0.3.3",
      "resolved": "https://registry.npmjs.org/lru_map/-/lru_map-0.3.3.tgz",
      "integrity": "sha1-tcg1G5Rky9dQM1p5ZQoOwOVhGN0="
    },
    "node_modules/ms": {
      "version": "2.1.2",
      "resolved": "https://registry.npmjs.org/ms/-/ms-2.1.2.tgz",
      "integrity": "sha512-sGkPx+VjMtmA6MX27oA4FBFELFCZZ4S4XqeGOXCv68tT+jb3vk/RyaKWP0PTKyWtmLSM0b+adUTEvbs1PEaH2w=="
    },
    "node_modules/tslib": {
      "version": "1.14.1",
      "resolved": "https://registry.npmjs.org/tslib/-/tslib-1.14.1.tgz",
      "integrity": "sha512-Xni35NKzjgMrwevysHTCArtLDpPvye8zV/0E4EyYn43P7/7qvQwPh9BGkHewbMulVntbigmcT7rdX3BNo9wRJg=="
    }
  },
  "dependencies": {
    "@sentry/core": {
      "version": "6.3.6",
      "resolved": "https://registry.npmjs.org/@sentry/core/-/core-6.3.6.tgz",
      "integrity": "sha512-w6BRizAqh7BaiM9oeKzO6aACXwRijUPacYaVLX/OfhqCSueF9uDxpMRT7+4D/eCeDVqgJYhBJ4Vsu2NSstkk4A==",
      "requires": {
        "@sentry/hub": "6.3.6",
        "@sentry/minimal": "6.3.6",
        "@sentry/types": "6.3.6",
        "@sentry/utils": "6.3.6",
        "tslib": "^1.9.3"
      }
    },
    "@sentry/hub": {
      "version": "6.3.6",
      "resolved": "https://registry.npmjs.org/@sentry/hub/-/hub-6.3.6.tgz",
      "integrity": "sha512-foBZ3ilMnm9Gf9OolrAxYHK8jrA6IF72faDdJ3Al+1H27qcpnBaMdrdEp2/jzwu/dgmwuLmbBaMjEPXaGH/0JQ==",
      "requires": {
        "@sentry/types": "6.3.6",
        "@sentry/utils": "6.3.6",
        "tslib": "^1.9.3"
      }
    },
    "@sentry/minimal": {
      "version": "6.3.6",
      "resolved": "https://registry.npmjs.org/@sentry/minimal/-/minimal-6.3.6.tgz",
      "integrity": "sha512-uM2/dH0a6zfvI5f+vg+/mST+uTBdN6Jgpm585ipH84ckCYQwIIDRg6daqsen4S1sy/xgg1P1YyC3zdEC4G6b1Q==",
      "requires": {
        "@sentry/hub": "6.3.6",
        "@sentry/types": "6.3.6",
        "tslib": "^1.9.3"
      }
    },
    "@sentry/node": {
      "version": "6.3.6",
      "resolved": "https://registry.npmjs.org/@sentry/node/-/node-6.3.6.tgz",
      "integrity": "sha512-QVWakREgVUV/rocm4uMq+RkC0/g9d/z2BYic+2b0ZZMZD2aXF5RulrUQlAO2MzoXcO+bqpkXQsqdhMccqB4Zeg==",
      "requires": {
        "@sentry/core": "6.3.6",
        "@sentry/hub": "6.3.6",
        "@sentry/tracing": "6.3.6",
        "@sentry/types": "6.3.6",
        "@sentry/utils": "6.3.6",
        "cookie": "^0.4.1",
        "https-proxy-agent": "^5.0.0",
        "lru_map": "^0.3.3",
        "tslib": "^1.9.3"
      }
    },
    "@sentry/tracing": {
      "version": "6.3.6",
      "resolved": "https://registry.npmjs.org/@sentry/tracing/-/tracing-6.3.6.tgz",
      "integrity": "sha512-dfyYY2eESJGt5Qbigmfmb2U9ntqbwPhLNAOcjKaVg9WQRV5q2RkHCVctPoYk7TEAvfNeNRXCD8SnuFOZhttt8g==",
      "requires": {
        "@sentry/hub": "6.3.6",
        "@sentry/minimal": "6.3.6",
        "@sentry/types": "6.3.6",
        "@sentry/utils": "6.3.6",
        "tslib": "^1.9.3"
      }
    },
    "@sentry/types": {
      "version": "6.3.6",
      "resolved": "https://registry.npmjs.org/@sentry/types/-/types-6.3.6.tgz",
      "integrity": "sha512-93cFJdJkWyCfyZeWFARSU11qnoHVOS/R2h5WIsEf+jbQmkqG2C+TXVz/19s6nHVsfDrwpvYpwALPv4/nrxfU7g=="
    },
    "@sentry/utils": {
      "version": "6.3.6",
      "resolved": "https://registry.npmjs.org/@sentry/utils/-/utils-6.3.6.tgz",
      "integrity": "sha512-HnYlDBf8Dq8MEv7AulH7B6R1D/2LAooVclGdjg48tSrr9g+31kmtj+SAj2WWVHP9+bp29BWaC7i5nkfKrOibWw==",
      "requires": {
        "@sentry/types": "6.3.6",
        "tslib": "^1.9.3"
      }
    },
    "agent-base": {
      "version": "6.0.2",
      "resolved": "https://registry.npmjs.org/agent-base/-/agent-base-6.0.2.tgz",
      "integrity": "sha512-RZNwNclF7+MS/8bDg70amg32dyeZGZxiDuQmZxKLAlQjr3jGyLx+4Kkk58UO7D2QdgFIQCovuSuZESne6RG6XQ==",
      "requires": {
        "debug": "4"
      }
    },
    "cookie": {
      "version": "0.4.1",
      "resolved": "https://registry.npmjs.org/cookie/-/cookie-0.4.1.tgz",
      "integrity": "sha512-ZwrFkGJxUR3EIoXtO+yVE69Eb7KlixbaeAWfBQB9vVsNn/o+Yw69gBWSSDK825hQNdN+wF8zELf3dFNl/kxkUA=="
    },
    "debug": {
      "version": "4.3.1",
      "resolved": "https://registry.npmjs.org/debug/-/debug-4.3.1.tgz",
      "integrity": "sha512-doEwdvm4PCeK4K3RQN2ZC2BYUBaxwLARCqZmMjtF8a51J2Rb0xpVloFRnCODwqjpwnAoao4pelN8l3RJdv3gRQ==",
      "requires": {
        "ms": "2.1.2"
      }
    },
    "dotenv": {
      "version": "9.0.2",
      "resolved": "https://registry.npmjs.org/dotenv/-/dotenv-9.0.2.tgz",
      "integrity": "sha512-I9OvvrHp4pIARv4+x9iuewrWycX6CcZtoAu1XrzPxc5UygMJXJZYmBsynku8IkrJwgypE5DGNjDPmPRhDCptUg=="
    },
    "https-proxy-agent": {
      "version": "5.0.0",
      "resolved": "https://registry.npmjs.org/https-proxy-agent/-/https-proxy-agent-5.0.0.tgz",
      "integrity": "sha512-EkYm5BcKUGiduxzSt3Eppko+PiNWNEpa4ySk9vTC6wDsQJW9rHSa+UhGNJoRYp7bz6Ht1eaRIa6QaJqO5rCFbA==",
      "requires": {
        "agent-base": "6",
        "debug": "4"
      }
    },
    "lru_map": {
      "version": "0.3.3",
      "resolved": "https://registry.npmjs.org/lru_map/-/lru_map-0.3.3.tgz",
      "integrity": "sha1-tcg1G5Rky9dQM1p5ZQoOwOVhGN0="
    },
    "ms": {
      "version": "2.1.2",
      "resolved": "https://registry.npmjs.org/ms/-/ms-2.1.2.tgz",
      "integrity": "sha512-sGkPx+VjMtmA6MX27oA4FBFELFCZZ4S4XqeGOXCv68tT+jb3vk/RyaKWP0PTKyWtmLSM0b+adUTEvbs1PEaH2w=="
    },
    "tslib": {
      "version": "1.14.1",
      "resolved": "https://registry.npmjs.org/tslib/-/tslib-1.14.1.tgz",
      "integrity": "sha512-Xni35NKzjgMrwevysHTCArtLDpPvye8zV/0E4EyYn43P7/7qvQwPh9BGkHewbMulVntbigmcT7rdX3BNo9wRJg=="
    }
  }
}
